// !$*UTF8*$!
{
	archiveVersion = 1;
	classes = {
	};
	objectVersion = 56;
	objects = {

/* Begin PBXCopyFilesBuildPhase section */
		78FA143D28FEAAEA0030FB20 /* CopyFiles */ = {
			isa = PBXCopyFilesBuildPhase;
			buildActionMask = 2147483647;
			dstPath = /usr/share/man/man1/;
			dstSubfolderSpec = 0;
			files = (
			);
			runOnlyForDeploymentPostprocessing = 1;
		};
/* End PBXCopyFilesBuildPhase section */

/* Begin PBXFileReference section */
		78FA143F28FEAAEA0030FB20 /* codingTestWithC */ = {isa = PBXFileReference; explicitFileType = "compiled.mach-o.executable"; includeInIndex = 0; path = codingTestWithC; sourceTree = BUILT_PRODUCTS_DIR; };
		78FA144228FEAAEA0030FB20 /* main.c */ = {isa = PBXFileReference; lastKnownFileType = sourcecode.c.c; path = main.c; sourceTree = "<group>"; };
		78FA144B28FEAD380030FB20 /* 1000.c */ = {isa = PBXFileReference; lastKnownFileType = sourcecode.c.c; path = 1000.c; sourceTree = "<group>"; };
		78FA144D28FEAE640030FB20 /* 1001.c */ = {isa = PBXFileReference; lastKnownFileType = sourcecode.c.c; path = 1001.c; sourceTree = "<group>"; };
		78FA144F28FEAEDA0030FB20 /* 1008.c */ = {isa = PBXFileReference; lastKnownFileType = sourcecode.c.c; path = 1008.c; sourceTree = "<group>"; };
		78FA145128FECA9A0030FB20 /* 1330.c */ = {isa = PBXFileReference; lastKnownFileType = sourcecode.c.c; path = 1330.c; sourceTree = "<group>"; };
		78FA145328FECB360030FB20 /* 2438.c */ = {isa = PBXFileReference; lastKnownFileType = sourcecode.c.c; path = 2438.c; sourceTree = "<group>"; };
		78FA145528FECC990030FB20 /* 2475.c */ = {isa = PBXFileReference; lastKnownFileType = sourcecode.c.c; path = 2475.c; sourceTree = "<group>"; };
		78FA145728FECDD70030FB20 /* 2557.c */ = {isa = PBXFileReference; lastKnownFileType = sourcecode.c.c; path = 2557.c; sourceTree = "<group>"; };
		78FA145928FECE180030FB20 /* 2739.c */ = {isa = PBXFileReference; lastKnownFileType = sourcecode.c.c; path = 2739.c; sourceTree = "<group>"; };
		78FA145B28FECE670030FB20 /* 2741.c */ = {isa = PBXFileReference; lastKnownFileType = sourcecode.c.c; path = 2741.c; sourceTree = "<group>"; };
		78FA145D28FECEB40030FB20 /* 2753.c */ = {isa = PBXFileReference; lastKnownFileType = sourcecode.c.c; path = 2753.c; sourceTree = "<group>"; };
		78FA145F28FECFD40030FB20 /* 9498.c */ = {isa = PBXFileReference; lastKnownFileType = sourcecode.c.c; path = 9498.c; sourceTree = "<group>"; };
		78FA146128FED0730030FB20 /* 10171.c */ = {isa = PBXFileReference; lastKnownFileType = sourcecode.c.c; path = 10171.c; sourceTree = "<group>"; };
		78FA146328FED1530030FB20 /* 10172.c */ = {isa = PBXFileReference; lastKnownFileType = sourcecode.c.c; path = 10172.c; sourceTree = "<group>"; };
		78FA146528FED1EF0030FB20 /* 10809.c */ = {isa = PBXFileReference; lastKnownFileType = sourcecode.c.c; path = 10809.c; sourceTree = "<group>"; };
		78FA146728FED9900030FB20 /* 2439.c */ = {isa = PBXFileReference; lastKnownFileType = sourcecode.c.c; path = 2439.c; sourceTree = "<group>"; };
		78FA146A28FEDA810030FB20 /* 2742.c */ = {isa = PBXFileReference; lastKnownFileType = sourcecode.c.c; path = 2742.c; sourceTree = "<group>"; };
		78FA146C28FEDACA0030FB20 /* 11720.c */ = {isa = PBXFileReference; lastKnownFileType = sourcecode.c.c; path = 11720.c; sourceTree = "<group>"; };
		78FA146F28FF931F0030FB20 /* 2562.c */ = {isa = PBXFileReference; lastKnownFileType = sourcecode.c.c; path = 2562.c; sourceTree = "<group>"; };
		78FA147128FF93F10030FB20 /* 2884.c */ = {isa = PBXFileReference; lastKnownFileType = sourcecode.c.c; path = 2884.c; sourceTree = "<group>"; };
		78FA147328FF95660030FB20 /* 10818.c */ = {isa = PBXFileReference; lastKnownFileType = sourcecode.c.c; path = 10818.c; sourceTree = "<group>"; };
		78FA147628FF96340030FB20 /* 1152.c */ = {isa = PBXFileReference; lastKnownFileType = sourcecode.c.c; path = 1152.c; sourceTree = "<group>"; };
		78FA147E28FFBFED0030FB20 /* 2577.c */ = {isa = PBXFileReference; lastKnownFileType = sourcecode.c.c; path = 2577.c; sourceTree = "<group>"; };
		78FA148228FFC1BE0030FB20 /* 2675.c */ = {isa = PBXFileReference; lastKnownFileType = sourcecode.c.c; path = 2675.c; sourceTree = "<group>"; };
		78FA148628FFC3980030FB20 /* 2908.c */ = {isa = PBXFileReference; lastKnownFileType = sourcecode.c.c; path = 2908.c; sourceTree = "<group>"; };
		78FA148928FFC80F0030FB20 /* 2920.c */ = {isa = PBXFileReference; lastKnownFileType = sourcecode.c.c; path = 2920.c; sourceTree = "<group>"; };
		78FA148B28FFCC5B0030FB20 /* 3052.c */ = {isa = PBXFileReference; lastKnownFileType = sourcecode.c.c; path = 3052.c; sourceTree = "<group>"; };
		78FA148D28FFCDBB0030FB20 /* 8958.c */ = {isa = PBXFileReference; lastKnownFileType = sourcecode.c.c; path = 8958.c; sourceTree = "<group>"; };
		78FA149028FFCF070030FB20 /* 1157.c */ = {isa = PBXFileReference; lastKnownFileType = sourcecode.c.c; path = 1157.c; sourceTree = "<group>"; };
		78FA149228FFD8C80030FB20 /* 1546.c */ = {isa = PBXFileReference; lastKnownFileType = sourcecode.c.c; path = 1546.c; sourceTree = "<group>"; };
		78FA149428FFDABF0030FB20 /* 10869.c */ = {isa = PBXFileReference; lastKnownFileType = sourcecode.c.c; path = 10869.c; sourceTree = "<group>"; };
		78FA149628FFDBB30030FB20 /* 10871.c */ = {isa = PBXFileReference; lastKnownFileType = sourcecode.c.c; path = 10871.c; sourceTree = "<group>"; };
		78FA149828FFDC8D0030FB20 /* 10950.c */ = {isa = PBXFileReference; lastKnownFileType = sourcecode.c.c; path = 10950.c; sourceTree = "<group>"; };
		78FA149A28FFDCE50030FB20 /* 10951.c */ = {isa = PBXFileReference; lastKnownFileType = sourcecode.c.c; path = 10951.c; sourceTree = "<group>"; };
		78FA149C28FFDE2B0030FB20 /* 10952.c */ = {isa = PBXFileReference; lastKnownFileType = sourcecode.c.c; path = 10952.c; sourceTree = "<group>"; };
		78FA149E28FFDE840030FB20 /* 10998.c */ = {isa = PBXFileReference; lastKnownFileType = sourcecode.c.c; path = 10998.c; sourceTree = "<group>"; };
		78FA14A028FFDEBF0030FB20 /* 11654.c */ = {isa = PBXFileReference; lastKnownFileType = sourcecode.c.c; path = 11654.c; sourceTree = "<group>"; };
/* End PBXFileReference section */

/* Begin PBXFrameworksBuildPhase section */
		78FA143C28FEAAEA0030FB20 /* Frameworks */ = {
			isa = PBXFrameworksBuildPhase;
			buildActionMask = 2147483647;
			files = (
			);
			runOnlyForDeploymentPostprocessing = 0;
		};
/* End PBXFrameworksBuildPhase section */

/* Begin PBXGroup section */
		78FA143628FEAAEA0030FB20 = {
			isa = PBXGroup;
			children = (
				78FA144228FEAAEA0030FB20 /* main.c */,
				78FA144928FEAB590030FB20 /* baekjoon */,
				78FA144128FEAAEA0030FB20 /* programmers */,
				78FA144028FEAAEA0030FB20 /* Products */,
			);
			sourceTree = "<group>";
		};
		78FA144028FEAAEA0030FB20 /* Products */ = {
			isa = PBXGroup;
			children = (
				78FA143F28FEAAEA0030FB20 /* codingTestWithC */,
			);
			name = Products;
			sourceTree = "<group>";
		};
		78FA144128FEAAEA0030FB20 /* programmers */ = {
			isa = PBXGroup;
			children = (
			);
			path = programmers;
			sourceTree = "<group>";
		};
		78FA144928FEAB590030FB20 /* baekjoon */ = {
			isa = PBXGroup;
			children = (
				78FA148F28FFCEFA0030FB20 /* bronze1 */,
				78FA147528FF962A0030FB20 /* bronze2 */,
				78FA146E28FF930E0030FB20 /* bronze3 */,
				78FA146928FEDA590030FB20 /* bronze4 */,
				78FA144A28FEAD220030FB20 /* bronze5 */,
			);
			path = baekjoon;
			sourceTree = "<group>";
		};
		78FA144A28FEAD220030FB20 /* bronze5 */ = {
			isa = PBXGroup;
			children = (
				78FA144B28FEAD380030FB20 /* 1000.c */,
				78FA144D28FEAE640030FB20 /* 1001.c */,
				78FA144F28FEAEDA0030FB20 /* 1008.c */,
				78FA145128FECA9A0030FB20 /* 1330.c */,
				78FA145328FECB360030FB20 /* 2438.c */,
				78FA145528FECC990030FB20 /* 2475.c */,
				78FA145728FECDD70030FB20 /* 2557.c */,
				78FA145928FECE180030FB20 /* 2739.c */,
				78FA145B28FECE670030FB20 /* 2741.c */,
				78FA145D28FECEB40030FB20 /* 2753.c */,
				78FA145F28FECFD40030FB20 /* 9498.c */,
				78FA146128FED0730030FB20 /* 10171.c */,
				78FA146328FED1530030FB20 /* 10172.c */,
				78FA146528FED1EF0030FB20 /* 10809.c */,
				78FA149428FFDABF0030FB20 /* 10869.c */,
				78FA149628FFDBB30030FB20 /* 10871.c */,
				78FA149828FFDC8D0030FB20 /* 10950.c */,
				78FA149A28FFDCE50030FB20 /* 10951.c */,
				78FA149C28FFDE2B0030FB20 /* 10952.c */,
				78FA149E28FFDE840030FB20 /* 10998.c */,
				78FA14A028FFDEBF0030FB20 /* 11654.c */,
			);
			path = bronze5;
			sourceTree = "<group>";
		};
		78FA146928FEDA590030FB20 /* bronze4 */ = {
			isa = PBXGroup;
			children = (
				78FA146728FED9900030FB20 /* 2439.c */,
				78FA146A28FEDA810030FB20 /* 2742.c */,
				78FA146C28FEDACA0030FB20 /* 11720.c */,
			);
			path = bronze4;
			sourceTree = "<group>";
		};
		78FA146E28FF930E0030FB20 /* bronze3 */ = {
			isa = PBXGroup;
			children = (
				78FA146F28FF931F0030FB20 /* 2562.c */,
				78FA147128FF93F10030FB20 /* 2884.c */,
				78FA147328FF95660030FB20 /* 10818.c */,
			);
			path = bronze3;
			sourceTree = "<group>";
		};
		78FA147528FF962A0030FB20 /* bronze2 */ = {
			isa = PBXGroup;
			children = (
				78FA147628FF96340030FB20 /* 1152.c */,
				78FA147E28FFBFED0030FB20 /* 2577.c */,
				78FA148228FFC1BE0030FB20 /* 2675.c */,
				78FA148628FFC3980030FB20 /* 2908.c */,
				78FA148928FFC80F0030FB20 /* 2920.c */,
				78FA148B28FFCC5B0030FB20 /* 3052.c */,
				78FA148D28FFCDBB0030FB20 /* 8958.c */,
			);
			path = bronze2;
			sourceTree = "<group>";
		};
		78FA148F28FFCEFA0030FB20 /* bronze1 */ = {
			isa = PBXGroup;
			children = (
				78FA149028FFCF070030FB20 /* 1157.c */,
				78FA149228FFD8C80030FB20 /* 1546.c */,
			);
			path = bronze1;
			sourceTree = "<group>";
		};
/* End PBXGroup section */

/* Begin PBXNativeTarget section */
		78FA143E28FEAAEA0030FB20 /* codingTestWithC */ = {
			isa = PBXNativeTarget;
			buildConfigurationList = 78FA144628FEAAEA0030FB20 /* Build configuration list for PBXNativeTarget "codingTestWithC" */;
			buildPhases = (
				78FA143B28FEAAEA0030FB20 /* Sources */,
				78FA143C28FEAAEA0030FB20 /* Frameworks */,
				78FA143D28FEAAEA0030FB20 /* CopyFiles */,
			);
			buildRules = (
			);
			dependencies = (
			);
			name = codingTestWithC;
			productName = codingTestWithC;
			productReference = 78FA143F28FEAAEA0030FB20 /* codingTestWithC */;
			productType = "com.apple.product-type.tool";
		};
/* End PBXNativeTarget section */

/* Begin PBXProject section */
		78FA143728FEAAEA0030FB20 /* Project object */ = {
			isa = PBXProject;
			attributes = {
				BuildIndependentTargetsInParallel = 1;
				LastUpgradeCheck = 1400;
				TargetAttributes = {
					78FA143E28FEAAEA0030FB20 = {
						CreatedOnToolsVersion = 14.0.1;
					};
				};
			};
			buildConfigurationList = 78FA143A28FEAAEA0030FB20 /* Build configuration list for PBXProject "codingTestWithC" */;
			compatibilityVersion = "Xcode 14.0";
			developmentRegion = en;
			hasScannedForEncodings = 0;
			knownRegions = (
				en,
				Base,
			);
			mainGroup = 78FA143628FEAAEA0030FB20;
			productRefGroup = 78FA144028FEAAEA0030FB20 /* Products */;
			projectDirPath = "";
			projectRoot = "";
			targets = (
				78FA143E28FEAAEA0030FB20 /* codingTestWithC */,
			);
		};
/* End PBXProject section */

/* Begin PBXSourcesBuildPhase section */
		78FA143B28FEAAEA0030FB20 /* Sources */ = {
			isa = PBXSourcesBuildPhase;
			buildActionMask = 2147483647;
			files = (
			);
			runOnlyForDeploymentPostprocessing = 0;
		};
/* End PBXSourcesBuildPhase section */

/* Begin XCBuildConfiguration section */
		78FA144428FEAAEA0030FB20 /* Debug */ = {
			isa = XCBuildConfiguration;
			buildSettings = {
				ALWAYS_SEARCH_USER_PATHS = NO;
				CLANG_ANALYZER_NONNULL = YES;
				CLANG_ANALYZER_NUMBER_OBJECT_CONVERSION = YES_AGGRESSIVE;
				CLANG_CXX_LANGUAGE_STANDARD = "gnu++20";
				CLANG_ENABLE_MODULES = YES;
				CLANG_ENABLE_OBJC_ARC = YES;
				CLANG_ENABLE_OBJC_WEAK = YES;
				CLANG_WARN_BLOCK_CAPTURE_AUTORELEASING = YES;
				CLANG_WARN_BOOL_CONVERSION = YES;
				CLANG_WARN_COMMA = YES;
				CLANG_WARN_CONSTANT_CONVERSION = YES;
				CLANG_WARN_DEPRECATED_OBJC_IMPLEMENTATIONS = YES;
				CLANG_WARN_DIRECT_OBJC_ISA_USAGE = YES_ERROR;
				CLANG_WARN_DOCUMENTATION_COMMENTS = YES;
				CLANG_WARN_EMPTY_BODY = YES;
				CLANG_WARN_ENUM_CONVERSION = YES;
				CLANG_WARN_INFINITE_RECURSION = YES;
				CLANG_WARN_INT_CONVERSION = YES;
				CLANG_WARN_NON_LITERAL_NULL_CONVERSION = YES;
				CLANG_WARN_OBJC_IMPLICIT_RETAIN_SELF = YES;
				CLANG_WARN_OBJC_LITERAL_CONVERSION = YES;
				CLANG_WARN_OBJC_ROOT_CLASS = YES_ERROR;
				CLANG_WARN_QUOTED_INCLUDE_IN_FRAMEWORK_HEADER = YES;
				CLANG_WARN_RANGE_LOOP_ANALYSIS = YES;
				CLANG_WARN_STRICT_PROTOTYPES = YES;
				CLANG_WARN_SUSPICIOUS_MOVE = YES;
				CLANG_WARN_UNGUARDED_AVAILABILITY = YES_AGGRESSIVE;
				CLANG_WARN_UNREACHABLE_CODE = YES;
				CLANG_WARN__DUPLICATE_METHOD_MATCH = YES;
				COPY_PHASE_STRIP = NO;
				DEBUG_INFORMATION_FORMAT = dwarf;
				ENABLE_STRICT_OBJC_MSGSEND = YES;
				ENABLE_TESTABILITY = YES;
				GCC_C_LANGUAGE_STANDARD = gnu11;
				GCC_DYNAMIC_NO_PIC = NO;
				GCC_NO_COMMON_BLOCKS = YES;
				GCC_OPTIMIZATION_LEVEL = 0;
				GCC_PREPROCESSOR_DEFINITIONS = (
					"DEBUG=1",
					"$(inherited)",
				);
				GCC_WARN_64_TO_32_BIT_CONVERSION = YES;
				GCC_WARN_ABOUT_RETURN_TYPE = YES_ERROR;
				GCC_WARN_UNDECLARED_SELECTOR = YES;
				GCC_WARN_UNINITIALIZED_AUTOS = YES_AGGRESSIVE;
				GCC_WARN_UNUSED_FUNCTION = YES;
				GCC_WARN_UNUSED_VARIABLE = YES;
				MACOSX_DEPLOYMENT_TARGET = 12.3;
				MTL_ENABLE_DEBUG_INFO = INCLUDE_SOURCE;
				MTL_FAST_MATH = YES;
				ONLY_ACTIVE_ARCH = YES;
				SDKROOT = macosx;
			};
			name = Debug;
		};
		78FA144528FEAAEA0030FB20 /* Release */ = {
			isa = XCBuildConfiguration;
			buildSettings = {
				ALWAYS_SEARCH_USER_PATHS = NO;
				CLANG_ANALYZER_NONNULL = YES;
				CLANG_ANALYZER_NUMBER_OBJECT_CONVERSION = YES_AGGRESSIVE;
				CLANG_CXX_LANGUAGE_STANDARD = "gnu++20";
				CLANG_ENABLE_MODULES = YES;
				CLANG_ENABLE_OBJC_ARC = YES;
				CLANG_ENABLE_OBJC_WEAK = YES;
				CLANG_WARN_BLOCK_CAPTURE_AUTORELEASING = YES;
				CLANG_WARN_BOOL_CONVERSION = YES;
				CLANG_WARN_COMMA = YES;
				CLANG_WARN_CONSTANT_CONVERSION = YES;
				CLANG_WARN_DEPRECATED_OBJC_IMPLEMENTATIONS = YES;
				CLANG_WARN_DIRECT_OBJC_ISA_USAGE = YES_ERROR;
				CLANG_WARN_DOCUMENTATION_COMMENTS = YES;
				CLANG_WARN_EMPTY_BODY = YES;
				CLANG_WARN_ENUM_CONVERSION = YES;
				CLANG_WARN_INFINITE_RECURSION = YES;
				CLANG_WARN_INT_CONVERSION = YES;
				CLANG_WARN_NON_LITERAL_NULL_CONVERSION = YES;
				CLANG_WARN_OBJC_IMPLICIT_RETAIN_SELF = YES;
				CLANG_WARN_OBJC_LITERAL_CONVERSION = YES;
				CLANG_WARN_OBJC_ROOT_CLASS = YES_ERROR;
				CLANG_WARN_QUOTED_INCLUDE_IN_FRAMEWORK_HEADER = YES;
				CLANG_WARN_RANGE_LOOP_ANALYSIS = YES;
				CLANG_WARN_STRICT_PROTOTYPES = YES;
				CLANG_WARN_SUSPICIOUS_MOVE = YES;
				CLANG_WARN_UNGUARDED_AVAILABILITY = YES_AGGRESSIVE;
				CLANG_WARN_UNREACHABLE_CODE = YES;
				CLANG_WARN__DUPLICATE_METHOD_MATCH = YES;
				COPY_PHASE_STRIP = NO;
				DEBUG_INFORMATION_FORMAT = "dwarf-with-dsym";
				ENABLE_NS_ASSERTIONS = NO;
				ENABLE_STRICT_OBJC_MSGSEND = YES;
				GCC_C_LANGUAGE_STANDARD = gnu11;
				GCC_NO_COMMON_BLOCKS = YES;
				GCC_WARN_64_TO_32_BIT_CONVERSION = YES;
				GCC_WARN_ABOUT_RETURN_TYPE = YES_ERROR;
				GCC_WARN_UNDECLARED_SELECTOR = YES;
				GCC_WARN_UNINITIALIZED_AUTOS = YES_AGGRESSIVE;
				GCC_WARN_UNUSED_FUNCTION = YES;
				GCC_WARN_UNUSED_VARIABLE = YES;
				MACOSX_DEPLOYMENT_TARGET = 12.3;
				MTL_ENABLE_DEBUG_INFO = NO;
				MTL_FAST_MATH = YES;
				SDKROOT = macosx;
			};
			name = Release;
		};
		78FA144728FEAAEA0030FB20 /* Debug */ = {
			isa = XCBuildConfiguration;
			buildSettings = {
				CODE_SIGN_STYLE = Automatic;
				DEVELOPMENT_TEAM = GTY4LRSD8J;
				ENABLE_HARDENED_RUNTIME = YES;
				PRODUCT_NAME = "$(TARGET_NAME)";
			};
			name = Debug;
		};
		78FA144828FEAAEA0030FB20 /* Release */ = {
			isa = XCBuildConfiguration;
			buildSettings = {
				CODE_SIGN_STYLE = Automatic;
				DEVELOPMENT_TEAM = GTY4LRSD8J;
				ENABLE_HARDENED_RUNTIME = YES;
				PRODUCT_NAME = "$(TARGET_NAME)";
			};
			name = Release;
		};
/* End XCBuildConfiguration section */

/* Begin XCConfigurationList section */
		78FA143A28FEAAEA0030FB20 /* Build configuration list for PBXProject "codingTestWithC" */ = {
			isa = XCConfigurationList;
			buildConfigurations = (
				78FA144428FEAAEA0030FB20 /* Debug */,
				78FA144528FEAAEA0030FB20 /* Release */,
			);
			defaultConfigurationIsVisible = 0;
			defaultConfigurationName = Release;
		};
		78FA144628FEAAEA0030FB20 /* Build configuration list for PBXNativeTarget "codingTestWithC" */ = {
			isa = XCConfigurationList;
			buildConfigurations = (
				78FA144728FEAAEA0030FB20 /* Debug */,
				78FA144828FEAAEA0030FB20 /* Release */,
			);
			defaultConfigurationIsVisible = 0;
			defaultConfigurationName = Release;
		};
/* End XCConfigurationList section */
	};
	rootObject = 78FA143728FEAAEA0030FB20 /* Project object */;
}
